// !$*UTF8*$!
{
	archiveVersion = 1;
	classes = {
	};
	objectVersion = 46;
	objects = {

/* Begin PBXBuildFile section */
		959CC8471F51A03A004B7FAE /* main.m in Sources */ = {isa = PBXBuildFile; fileRef = 959CC8461F51A03A004B7FAE /* main.m */; };
		959CC84A1F51A03A004B7FAE /* AppDelegate.m in Sources */ = {isa = PBXBuildFile; fileRef = 959CC8491F51A03A004B7FAE /* AppDelegate.m */; };
		959CC84D1F51A03A004B7FAE /* ViewController.m in Sources */ = {isa = PBXBuildFile; fileRef = 959CC84C1F51A03A004B7FAE /* ViewController.m */; };
		959CC8501F51A03A004B7FAE /* Main.storyboard in Resources */ = {isa = PBXBuildFile; fileRef = 959CC84E1F51A03A004B7FAE /* Main.storyboard */; };
		959CC8521F51A03A004B7FAE /* Assets.xcassets in Resources */ = {isa = PBXBuildFile; fileRef = 959CC8511F51A03A004B7FAE /* Assets.xcassets */; };
		959CC8551F51A03A004B7FAE /* LaunchScreen.storyboard in Resources */ = {isa = PBXBuildFile; fileRef = 959CC8531F51A03A004B7FAE /* LaunchScreen.storyboard */; };
/* End PBXBuildFile section */

/* Begin PBXFileReference section */
		959CC8421F51A03A004B7FAE /* multiphone.app */ = {isa = PBXFileReference; explicitFileType = wrapper.application; includeInIndex = 0; path = multiphone.app; sourceTree = BUILT_PRODUCTS_DIR; };
		959CC8461F51A03A004B7FAE /* main.m */ = {isa = PBXFileReference; lastKnownFileType = sourcecode.c.objc; path = main.m; sourceTree = "<group>"; };
		959CC8481F51A03A004B7FAE /* AppDelegate.h */ = {isa = PBXFileReference; lastKnownFileType = sourcecode.c.h; path = AppDelegate.h; sourceTree = "<group>"; };
		959CC8491F51A03A004B7FAE /* AppDelegate.m */ = {isa = PBXFileReference; lastKnownFileType = sourcecode.c.objc; path = AppDelegate.m; sourceTree = "<group>"; };
		959CC84B1F51A03A004B7FAE /* ViewController.h */ = {isa = PBXFileReference; lastKnownFileType = sourcecode.c.h; path = ViewController.h; sourceTree = "<group>"; };
		959CC84C1F51A03A004B7FAE /* ViewController.m */ = {isa = PBXFileReference; lastKnownFileType = sourcecode.c.objc; path = ViewController.m; sourceTree = "<group>"; };
		959CC84F1F51A03A004B7FAE /* Base */ = {isa = PBXFileReference; lastKnownFileType = file.storyboard; name = Base; path = Base.lproj/Main.storyboard; sourceTree = "<group>"; };
		959CC8511F51A03A004B7FAE /* Assets.xcassets */ = {isa = PBXFileReference; lastKnownFileType = folder.assetcatalog; path = Assets.xcassets; sourceTree = "<group>"; };
		959CC8541F51A03A004B7FAE /* Base */ = {isa = PBXFileReference; lastKnownFileType = file.storyboard; name = Base; path = Base.lproj/LaunchScreen.storyboard; sourceTree = "<group>"; };
		959CC8561F51A03A004B7FAE /* Info.plist */ = {isa = PBXFileReference; lastKnownFileType = text.plist.xml; path = Info.plist; sourceTree = "<group>"; };
/* End PBXFileReference section */

/* Begin PBXFrameworksBuildPhase section */
		959CC83F1F51A03A004B7FAE /* Frameworks */ = {
			isa = PBXFrameworksBuildPhase;
			buildActionMask = 2147483647;
			files = (
			);
			runOnlyForDeploymentPostprocessing = 0;
		};
/* End PBXFrameworksBuildPhase section */

/* Begin PBXGroup section */
		959CC8391F51A03A004B7FAE = {
			isa = PBXGroup;
			children = (
				959CC8441F51A03A004B7FAE /* multiphone */,
				959CC8431F51A03A004B7FAE /* Products */,
			);
			sourceTree = "<group>";
		};
		959CC8431F51A03A004B7FAE /* Products */ = {
			isa = PBXGroup;
			children = (
				959CC8421F51A03A004B7FAE /* multiphone.app */,
			);
			name = Products;
			sourceTree = "<group>";
		};
		959CC8441F51A03A004B7FAE /* multiphone */ = {
			isa = PBXGroup;
			children = (
				959CC8481F51A03A004B7FAE /* AppDelegate.h */,
				959CC8491F51A03A004B7FAE /* AppDelegate.m */,
				959CC84B1F51A03A004B7FAE /* ViewController.h */,
				959CC84C1F51A03A004B7FAE /* ViewController.m */,
				959CC84E1F51A03A004B7FAE /* Main.storyboard */,
				959CC8511F51A03A004B7FAE /* Assets.xcassets */,
				959CC8531F51A03A004B7FAE /* LaunchScreen.storyboard */,
				959CC8561F51A03A004B7FAE /* Info.plist */,
				959CC8451F51A03A004B7FAE /* Supporting Files */,
			);
			path = multiphone;
			sourceTree = "<group>";
		};
		959CC8451F51A03A004B7FAE /* Supporting Files */ = {
			isa = PBXGroup;
			children = (
				959CC8461F51A03A004B7FAE /* main.m */,
			);
			name = "Supporting Files";
			sourceTree = "<group>";
		};
/* End PBXGroup section */

/* Begin PBXNativeTarget section */
		959CC8411F51A03A004B7FAE /* multiphone */ = {
			isa = PBXNativeTarget;
			buildConfigurationList = 959CC8591F51A03A004B7FAE /* Build configuration list for PBXNativeTarget "multiphone" */;
			buildPhases = (
				959CC83E1F51A03A004B7FAE /* Sources */,
				959CC83F1F51A03A004B7FAE /* Frameworks */,
				959CC8401F51A03A004B7FAE /* Resources */,
			);
			buildRules = (
			);
			dependencies = (
			);
			name = multiphone;
			productName = multiphone;
			productReference = 959CC8421F51A03A004B7FAE /* multiphone.app */;
			productType = "com.apple.product-type.application";
		};
/* End PBXNativeTarget section */

/* Begin PBXProject section */
		959CC83A1F51A03A004B7FAE /* Project object */ = {
			isa = PBXProject;
			attributes = {
				LastUpgradeCheck = 0830;
				ORGANIZATIONNAME = dennis;
				TargetAttributes = {
					959CC8411F51A03A004B7FAE = {
						CreatedOnToolsVersion = 8.3.3;
						DevelopmentTeam = C5XR7B2KK7;
						ProvisioningStyle = Automatic;
					};
				};
			};
			buildConfigurationList = 959CC83D1F51A03A004B7FAE /* Build configuration list for PBXProject "multiphone" */;
			compatibilityVersion = "Xcode 3.2";
			developmentRegion = English;
			hasScannedForEncodings = 0;
			knownRegions = (
				en,
				Base,
			);
			mainGroup = 959CC8391F51A03A004B7FAE;
			productRefGroup = 959CC8431F51A03A004B7FAE /* Products */;
			projectDirPath = "";
			projectRoot = "";
			targets = (
				959CC8411F51A03A004B7FAE /* multiphone */,
			);
		};
/* End PBXProject section */

/* Begin PBXResourcesBuildPhase section */
		959CC8401F51A03A004B7FAE /* Resources */ = {
			isa = PBXResourcesBuildPhase;
			buildActionMask = 2147483647;
			files = (
				959CC8551F51A03A004B7FAE /* LaunchScreen.storyboard in Resources */,
				959CC8521F51A03A004B7FAE /* Assets.xcassets in Resources */,
				959CC8501F51A03A004B7FAE /* Main.storyboard in Resources */,
			);
			runOnlyForDeploymentPostprocessing = 0;
		};
/* End PBXResourcesBuildPhase section */

/* Begin PBXSourcesBuildPhase section */
		959CC83E1F51A03A004B7FAE /* Sources */ = {
			isa = PBXSourcesBuildPhase;
			buildActionMask = 2147483647;
			files = (
				959CC84D1F51A03A004B7FAE /* ViewController.m in Sources */,
				959CC84A1F51A03A004B7FAE /* AppDelegate.m in Sources */,
				959CC8471F51A03A004B7FAE /* main.m in Sources */,
			);
			runOnlyForDeploymentPostprocessing = 0;
		};
/* End PBXSourcesBuildPhase section */

/* Begin PBXVariantGroup section */
		959CC84E1F51A03A004B7FAE /* Main.storyboard */ = {
			isa = PBXVariantGroup;
			children = (
				959CC84F1F51A03A004B7FAE /* Base */,
			);
			name = Main.storyboard;
			sourceTree = "<group>";
		};
		959CC8531F51A03A004B7FAE /* LaunchScreen.storyboard */ = {
			isa = PBXVariantGroup;
			children = (
				959CC8541F51A03A004B7FAE /* Base */,
			);
			name = LaunchScreen.storyboard;
			sourceTree = "<group>";
		};
/* End PBXVariantGroup section */

/* Begin XCBuildConfiguration section */
		959CC8571F51A03A004B7FAE /* Debug */ = {
			isa = XCBuildConfiguration;
			buildSettings = {
				ALWAYS_SEARCH_USER_PATHS = NO;
				CLANG_ANALYZER_NONNULL = YES;
				CLANG_ANALYZER_NUMBER_OBJECT_CONVERSION = YES_AGGRESSIVE;
				CLANG_CXX_LANGUAGE_STANDARD = "gnu++0x";
				CLANG_CXX_LIBRARY = "libc++";
				CLANG_ENABLE_MODULES = YES;
				CLANG_ENABLE_OBJC_ARC = YES;
				CLANG_WARN_BOOL_CONVERSION = YES;
				CLANG_WARN_CONSTANT_CONVERSION = YES;
				CLANG_WARN_DIRECT_OBJC_ISA_USAGE = YES_ERROR;
				CLANG_WARN_DOCUMENTATION_COMMENTS = YES;
				CLANG_WARN_EMPTY_BODY = YES;
				CLANG_WARN_ENUM_CONVERSION = YES;
				CLANG_WARN_INFINITE_RECURSION = YES;
				CLANG_WARN_INT_CONVERSION = YES;
				CLANG_WARN_OBJC_ROOT_CLASS = YES_ERROR;
				CLANG_WARN_SUSPICIOUS_MOVE = YES;
				CLANG_WARN_UNREACHABLE_CODE = YES;
				CLANG_WARN__DUPLICATE_METHOD_MATCH = YES;
				"CODE_SIGN_IDENTITY[sdk=iphoneos*]" = "iPhone Developer";
				COPY_PHASE_STRIP = NO;
				DEBUG_INFORMATION_FORMAT = dwarf;
				ENABLE_STRICT_OBJC_MSGSEND = YES;
				ENABLE_TESTABILITY = YES;
				GCC_C_LANGUAGE_STANDARD = gnu99;
				GCC_DYNAMIC_NO_PIC = NO;
				GCC_NO_COMMON_BLOCKS = YES;
				GCC_OPTIMIZATION_LEVEL = 0;
				GCC_PREPROCESSOR_DEFINITIONS = (
					"DEBUG=1",
					"$(inherited)",
				);
				GCC_WARN_64_TO_32_BIT_CONVERSION = YES;
				GCC_WARN_ABOUT_RETURN_TYPE = YES_ERROR;
				GCC_WARN_UNDECLARED_SELECTOR = YES;
				GCC_WARN_UNINITIALIZED_AUTOS = YES_AGGRESSIVE;
				GCC_WARN_UNUSED_FUNCTION = YES;
				GCC_WARN_UNUSED_VARIABLE = YES;
				IPHONEOS_DEPLOYMENT_TARGET = 10.3;
				MTL_ENABLE_DEBUG_INFO = YES;
				ONLY_ACTIVE_ARCH = YES;
				SDKROOT = iphoneos;
				TARGETED_DEVICE_FAMILY = 2;
			};
			name = Debug;
		};
		959CC8581F51A03A004B7FAE /* Release */ = {
			isa = XCBuildConfiguration;
			buildSettings = {
				ALWAYS_SEARCH_USER_PATHS = NO;
				CLANG_ANALYZER_NONNULL = YES;
				CLANG_ANALYZER_NUMBER_OBJECT_CONVERSION = YES_AGGRESSIVE;
				CLANG_CXX_LANGUAGE_STANDARD = "gnu++0x";
				CLANG_CXX_LIBRARY = "libc++";
				CLANG_ENABLE_MODULES = YES;
				CLANG_ENABLE_OBJC_ARC = YES;
				CLANG_WARN_BOOL_CONVERSION = YES;
				CLANG_WARN_CONSTANT_CONVERSION = YES;
				CLANG_WARN_DIRECT_OBJC_ISA_USAGE = YES_ERROR;
				CLANG_WARN_DOCUMENTATION_COMMENTS = YES;
				CLANG_WARN_EMPTY_BODY = YES;
				CLANG_WARN_ENUM_CONVERSION = YES;
				CLANG_WARN_INFINITE_RECURSION = YES;
				CLANG_WARN_INT_CONVERSION = YES;
				CLANG_WARN_OBJC_ROOT_CLASS = YES_ERROR;
				CLANG_WARN_SUSPICIOUS_MOVE = YES;
				CLANG_WARN_UNREACHABLE_CODE = YES;
				CLANG_WARN__DUPLICATE_METHOD_MATCH = YES;
				"CODE_SIGN_IDENTITY[sdk=iphoneos*]" = "iPhone Developer";
				COPY_PHASE_STRIP = NO;
				DEBUG_INFORMATION_FORMAT = "dwarf-with-dsym";
				ENABLE_NS_ASSERTIONS = NO;
				ENABLE_STRICT_OBJC_MSGSEND = YES;
				GCC_C_LANGUAGE_STANDARD = gnu99;
				GCC_NO_COMMON_BLOCKS = YES;
				GCC_WARN_64_TO_32_BIT_CONVERSION = YES;
				GCC_WARN_ABOUT_RETURN_TYPE = YES_ERROR;
				GCC_WARN_UNDECLARED_SELECTOR = YES;
				GCC_WARN_UNINITIALIZED_AUTOS = YES_AGGRESSIVE;
				GCC_WARN_UNUSED_FUNCTION = YES;
				GCC_WARN_UNUSED_VARIABLE = YES;
				IPHONEOS_DEPLOYMENT_TARGET = 10.3;
				MTL_ENABLE_DEBUG_INFO = NO;
				SDKROOT = iphoneos;
				TARGETED_DEVICE_FAMILY = 2;
				VALIDATE_PRODUCT = YES;
			};
			name = Release;
		};
		959CC85A1F51A03A004B7FAE /* Debug */ = {
			isa = XCBuildConfiguration;
			buildSettings = {
				ASSETCATALOG_COMPILER_APPICON_NAME = AppIcon;
				DEVELOPMENT_TEAM = C5XR7B2KK7;
				INFOPLIST_FILE = multiphone/Info.plist;
				IPHONEOS_DEPLOYMENT_TARGET = 10.1;
				LD_RUNPATH_SEARCH_PATHS = "$(inherited) @executable_path/Frameworks";
				PRODUCT_BUNDLE_IDENTIFIER = cn.dennishucd.multiphone;
				PRODUCT_NAME = "$(TARGET_NAME)";
				TARGETED_DEVICE_FAMILY = 1;
			};
			name = Debug;
		};
		959CC85B1F51A03A004B7FAE /* Release */ = {
			isa = XCBuildConfiguration;
			buildSettings = {
				ASSETCATALOG_COMPILER_APPICON_NAME = AppIcon;
				DEVELOPMENT_TEAM = C5XR7B2KK7;
				INFOPLIST_FILE = multiphone/Info.plist;
				IPHONEOS_DEPLOYMENT_TARGET = 10.1;
				LD_RUNPATH_SEARCH_PATHS = "$(inherited) @executable_path/Frameworks";
				PRODUCT_BUNDLE_IDENTIFIER = cn.dennishucd.multiphone;
				PRODUCT_NAME = "$(TARGET_NAME)";
				TARGETED_DEVICE_FAMILY = 1;
			};
			name = Release;
		};
/* End XCBuildConfiguration section */

/* Begin XCConfigurationList section */
		959CC83D1F51A03A004B7FAE /* Build configuration list for PBXProject "multiphone" */ = {
			isa = XCConfigurationList;
			buildConfigurations = (
				959CC8571F51A03A004B7FAE /* Debug */,
				959CC8581F51A03A004B7FAE /* Release */,
			);
			defaultConfigurationIsVisible = 0;
			defaultConfigurationName = Release;
		};
		959CC8591F51A03A004B7FAE /* Build configuration list for PBXNativeTarget "multiphone" */ = {
			isa = XCConfigurationList;
			buildConfigurations = (
				959CC85A1F51A03A004B7FAE /* Debug */,
				959CC85B1F51A03A004B7FAE /* Release */,
			);
			defaultConfigurationIsVisible = 0;
		};
/* End XCConfigurationList section */
	};
	rootObject = 959CC83A1F51A03A004B7FAE /* Project object */;
}
